
Microsoft Visual Studio Solution File, Format Version 12.00
# Visual Studio Version 17
VisualStudioVersion = 17.1.32414.318
MinimumVisualStudioVersion = 10.0.40219.1
Project("{FAE04EC0-301F-11D3-BF4B-00C04F79EFBC}") = "ConsoleCalculator", "ConsoleCalculator\ConsoleCalculator.csproj", "{21F2492A-658E-4ADF-BB82-543B638404D9}"
EndProject
Global
	GlobalSection(SolutionConfigurationPlatforms) = preSolution
		Debug|Any CPU = Debug|Any CPU
		Release|Any CPU = Release|Any CPU
	EndGlobalSection
	GlobalSection(ProjectConfigurationPlatforms) = postSolution
		{21F2492A-658E-4ADF-BB82-543B638404D9}.Debug|Any CPU.ActiveCfg = Debug|Any CPU
		{21F2492A-658E-4ADF-BB82-543B638404D9}.Debug|Any CPU.Build.0 = Debug|Any CPU
		{21F2492A-658E-4ADF-BB82-543B638404D9}.Release|Any CPU.ActiveCfg = Release|Any CPU
		{21F2492A-658E-4ADF-BB82-543B638404D9}.Release|Any CPU.Build.0 = Release|Any CPU
	EndGlobalSection
	GlobalSection(SolutionProperties) = preSolution
		HideSolutionNode = FALSE
	EndGlobalSection
	GlobalSection(ExtensibilityGlobals) = postSolution
		SolutionGuid = {0BB4819C-3851-43B5-8B11-41D0CA7FFD86}
	EndGlobalSection
EndGlobal
